
Microsoft Visual Studio Solution File, Format Version 12.00
# Visual Studio Version 17
VisualStudioVersion = 17.14.36518.9 d17.14
MinimumVisualStudioVersion = 10.0.40219.1
Project("{FAE04EC0-301F-11D3-BF4B-00C04F79EFBC}") = "ConsoleApp4", "ConsoleApp4\ConsoleApp4.csproj", "{97C86E3A-866F-4996-9BBE-3EB91DE8465C}"
EndProject
Global
	GlobalSection(SolutionConfigurationPlatforms) = preSolution
		Debug|Any CPU = Debug|Any CPU
		Release|Any CPU = Release|Any CPU
	EndGlobalSection
	GlobalSection(ProjectConfigurationPlatforms) = postSolution
		{97C86E3A-866F-4996-9BBE-3EB91DE8465C}.Debug|Any CPU.ActiveCfg = Debug|Any CPU
		{97C86E3A-866F-4996-9BBE-3EB91DE8465C}.Debug|Any CPU.Build.0 = Debug|Any CPU
		{97C86E3A-866F-4996-9BBE-3EB91DE8465C}.Release|Any CPU.ActiveCfg = Release|Any CPU
		{97C86E3A-866F-4996-9BBE-3EB91DE8465C}.Release|Any CPU.Build.0 = Release|Any CPU
	EndGlobalSection
	GlobalSection(SolutionProperties) = preSolution
		HideSolutionNode = FALSE
	EndGlobalSection
	GlobalSection(ExtensibilityGlobals) = postSolution
		SolutionGuid = {5CB1DCE1-654D-431D-AB04-ACCEF0C0D546}
	EndGlobalSection
EndGlobal
